{
  "version": 4,
  "terraform_version": "1.0.3",
  "serial": 30,
  "lineage": "76ccbb07-0da7-d9a1-2195-cb30c5638c74",
  "outputs": {
    "external_ip_address_vm_1": {
      "value": [
        "178.154.221.23"
      ],
      "type": [
        "tuple",
        [
          "string"
        ]
      ]
    },
    "internal_ip_address_vm_1": {
      "value": [
        "192.168.10.12"
      ],
      "type": [
        "tuple",
        [
          "string"
        ]
      ]
    }
  },
  "resources": [
    {
      "mode": "managed",
      "type": "null_resource",
      "name": "ansible-install",
      "provider": "provider[\"registry.terraform.io/hashicorp/null\"]",
      "instances": [
        {
          "index_key": 0,
          "schema_version": 0,
          "attributes": {
            "id": "3024866885021763394",
            "triggers": null
          },
          "sensitive_attributes": [],
          "private": "bnVsbA==",
          "dependencies": [
            "yandex_compute_instance.vm-1",
            "yandex_vpc_network.network-1",
            "yandex_vpc_subnet.subnet-1"
          ]
        }
      ]
    },
    {
      "mode": "managed",
      "type": "yandex_compute_instance",
      "name": "vm-1",
      "provider": "provider[\"registry.terraform.io/yandex-cloud/yandex\"]",
      "instances": [
        {
          "index_key": 0,
          "schema_version": 1,
          "attributes": {
            "allow_stopping_for_update": null,
            "boot_disk": [
              {
                "auto_delete": true,
                "device_name": "fhmv134jojh8uge87pgk",
                "disk_id": "fhmv134jojh8uge87pgk",
                "initialize_params": [
                  {
                    "description": "",
                    "image_id": "fd80viupr3qjr5g6g9du",
                    "name": "",
                    "size": 3,
                    "snapshot_id": "",
                    "type": "network-hdd"
                  }
                ],
                "mode": "READ_WRITE"
              }
            ],
            "created_at": "2021-09-10T05:57:11Z",
            "description": "",
            "folder_id": "b1gufrirlr898a1ib1u8",
            "fqdn": "fhmga3ir0su5f2bhv8bd.auto.internal",
            "hostname": "fhmga3ir0su5f2bhv8bd",
            "id": "fhmga3ir0su5f2bhv8bd",
            "labels": null,
            "metadata": {
              "ssh-keys": "ubuntu:ssh-rsa AAAAB3NzaC1yc2EAAAADAQABAAACAQCwfK36tWdoFFtbjVgBw3naxAQ9ys7/tM8wA0N6+szYOpmNz7cVnU8wIoRVXquFY5rdKarfXaCN7lrzhq/Z0EUMic/PoDwAySywSgvPtWOq/WO8OPPj80N7lBZD8KaQrD85ZQRFppB/eE+xv7OP/+qh57/OgJ/wwk9L3oKbpl0zkQv6EH7c0Ign5491R+tFEaQBKfqmJLvwHlxgEsp0rFwqeRuRyb1IVaAFMZmXD8Nbnql9gO0CN8OBdqG2Uy8oHEhS97TmSGxeN6es2euhOQfmCPx02ZmkCani0ooYnZcPKrXhsmy0B6g1YnX2OeaGkmDm7hulYfANFZL+EUakCNcJcQZvB4I8k72wYtOpgNxzh8tmM95z8vQyA+9Hj4VW/tO8iWXZ+VMxhwHxR0W2wtwFB1tT4xzPWGQm67/LtsIfmiH8GCb4eEtjBNifArX9kD+/wWWcnyVyDsTK+WtXlpK4FycpaQUSZWHCS4hUx42f44HqKC3f95pmK4zHBuS3znkw5uvfLNcFGgY96qwojVc6iHSWVhUx11iXAZdkVyJu5yi+MgRmVI1fmPjQ75F1BM1MjeS74OHrxOSyA0QlZrRYC0KAnPu6D/VSPEMtQtoRsDcqxAijq6A94TsHa9/+ArmfzVLsnJSQnHjdiZF3tdUIHlHuDXpRsTXYKpPbRCGN/w== atatakin@astralinux.ru\n"
            },
            "name": "terraform-0",
            "network_acceleration_type": "standard",
            "network_interface": [
              {
                "dns_record": [],
                "index": 0,
                "ip_address": "192.168.10.12",
                "ipv4": true,
                "ipv6": false,
                "ipv6_address": "",
                "ipv6_dns_record": [],
                "mac_address": "d0:0d:10:50:e5:b0",
                "nat": true,
                "nat_dns_record": [],
                "nat_ip_address": "178.154.221.23",
                "nat_ip_version": "IPV4",
                "security_group_ids": [],
                "subnet_id": "e9bqa6tl7ulbgcd43nq2"
              }
            ],
            "placement_policy": [
              {
                "placement_group_id": ""
              }
            ],
            "platform_id": "standard-v1",
            "resources": [
              {
                "core_fraction": 100,
                "cores": 2,
                "gpus": 0,
                "memory": 2
              }
            ],
            "scheduling_policy": [
              {
                "preemptible": false
              }
            ],
            "secondary_disk": [],
            "service_account_id": "",
            "status": "running",
            "timeouts": null,
            "zone": "ru-central1-a"
          },
          "sensitive_attributes": [],
          "private": "eyJlMmJmYjczMC1lY2FhLTExZTYtOGY4OC0zNDM2M2JjN2M0YzAiOnsiY3JlYXRlIjozMDAwMDAwMDAwMDAsImRlbGV0ZSI6MzAwMDAwMDAwMDAwLCJ1cGRhdGUiOjMwMDAwMDAwMDAwMH0sInNjaGVtYV92ZXJzaW9uIjoiMSJ9",
          "dependencies": [
            "yandex_vpc_network.network-1",
            "yandex_vpc_subnet.subnet-1"
          ]
        }
      ]
    },
    {
      "mode": "managed",
      "type": "yandex_vpc_network",
      "name": "network-1",
      "provider": "provider[\"registry.terraform.io/yandex-cloud/yandex\"]",
      "instances": [
        {
          "schema_version": 0,
          "attributes": {
            "created_at": "2021-09-10T05:57:09Z",
            "default_security_group_id": "",
            "description": "",
            "folder_id": "b1gufrirlr898a1ib1u8",
            "id": "enpit5qln8fam7ivhi32",
            "labels": null,
            "name": "network1",
            "subnet_ids": [],
            "timeouts": null
          },
          "sensitive_attributes": [],
          "private": "eyJlMmJmYjczMC1lY2FhLTExZTYtOGY4OC0zNDM2M2JjN2M0YzAiOnsiY3JlYXRlIjo2MDAwMDAwMDAwMCwiZGVsZXRlIjo2MDAwMDAwMDAwMCwidXBkYXRlIjo2MDAwMDAwMDAwMH19"
        }
      ]
    },
    {
      "mode": "managed",
      "type": "yandex_vpc_subnet",
      "name": "subnet-1",
      "provider": "provider[\"registry.terraform.io/yandex-cloud/yandex\"]",
      "instances": [
        {
          "schema_version": 0,
          "attributes": {
            "created_at": "2021-09-10T05:57:10Z",
            "description": "",
            "dhcp_options": [],
            "folder_id": "b1gufrirlr898a1ib1u8",
            "id": "e9bqa6tl7ulbgcd43nq2",
            "labels": null,
            "name": "subnet1",
            "network_id": "enpit5qln8fam7ivhi32",
            "route_table_id": "",
            "timeouts": null,
            "v4_cidr_blocks": [
              "192.168.10.0/24"
            ],
            "v6_cidr_blocks": [],
            "zone": "ru-central1-a"
          },
          "sensitive_attributes": [],
          "private": "eyJlMmJmYjczMC1lY2FhLTExZTYtOGY4OC0zNDM2M2JjN2M0YzAiOnsiY3JlYXRlIjoxODAwMDAwMDAwMDAsImRlbGV0ZSI6MTgwMDAwMDAwMDAwLCJ1cGRhdGUiOjE4MDAwMDAwMDAwMH19",
          "dependencies": [
            "yandex_vpc_network.network-1"
          ]
        }
      ]
    }
  ]
}
